
Microsoft Visual Studio Solution File, Format Version 12.00
# Visual Studio Version 16
VisualStudioVersion = 16.0.31624.102
MinimumVisualStudioVersion = 10.0.40219.1
Project("{FAE04EC0-301F-11D3-BF4B-00C04F79EFBC}") = "AutoCorrectList", "AutoCorrectList.csproj", "{FEDAD6A0-A0E0-41FB-B007-A6C3010411B3}"
EndProject
Global
	GlobalSection(SolutionConfigurationPlatforms) = preSolution
		Debug|Any CPU = Debug|Any CPU
		Release|Any CPU = Release|Any CPU
	EndGlobalSection
	GlobalSection(ProjectConfigurationPlatforms) = postSolution
		{FEDAD6A0-A0E0-41FB-B007-A6C3010411B3}.Debug|Any CPU.ActiveCfg = Debug|Any CPU
		{FEDAD6A0-A0E0-41FB-B007-A6C3010411B3}.Debug|Any CPU.Build.0 = Debug|Any CPU
		{FEDAD6A0-A0E0-41FB-B007-A6C3010411B3}.Release|Any CPU.ActiveCfg = Release|Any CPU
		{FEDAD6A0-A0E0-41FB-B007-A6C3010411B3}.Release|Any CPU.Build.0 = Release|Any CPU
	EndGlobalSection
	GlobalSection(SolutionProperties) = preSolution
		HideSolutionNode = FALSE
	EndGlobalSection
	GlobalSection(ExtensibilityGlobals) = postSolution
		SolutionGuid = {BA082569-5111-4845-AF7E-5D9FC6DD713D}
	EndGlobalSection
EndGlobal
